
Microsoft Visual Studio Solution File, Format Version 12.00
# Visual Studio Version 16
VisualStudioVersion = 16.0.31410.357
MinimumVisualStudioVersion = 10.0.40219.1
Project("{00D1A9C2-B5F0-4AF3-8072-F6C62B433612}") = "ADO", "ADO\ADO.sqlproj", "{172257E8-4E88-43BC-92FA-6F3C76CCA14F}"
EndProject
Project("{FAE04EC0-301F-11D3-BF4B-00C04F79EFBC}") = "ADOConsole", "ADOConsole\ADOConsole.csproj", "{FCED3546-182E-468D-B298-C21D7DE8E750}"
EndProject
Global
	GlobalSection(SolutionConfigurationPlatforms) = preSolution
		Debug|Any CPU = Debug|Any CPU
		Release|Any CPU = Release|Any CPU
	EndGlobalSection
	GlobalSection(ProjectConfigurationPlatforms) = postSolution
		{172257E8-4E88-43BC-92FA-6F3C76CCA14F}.Debug|Any CPU.ActiveCfg = Debug|Any CPU
		{172257E8-4E88-43BC-92FA-6F3C76CCA14F}.Debug|Any CPU.Build.0 = Debug|Any CPU
		{172257E8-4E88-43BC-92FA-6F3C76CCA14F}.Debug|Any CPU.Deploy.0 = Debug|Any CPU
		{172257E8-4E88-43BC-92FA-6F3C76CCA14F}.Release|Any CPU.ActiveCfg = Release|Any CPU
		{172257E8-4E88-43BC-92FA-6F3C76CCA14F}.Release|Any CPU.Build.0 = Release|Any CPU
		{172257E8-4E88-43BC-92FA-6F3C76CCA14F}.Release|Any CPU.Deploy.0 = Release|Any CPU
		{FCED3546-182E-468D-B298-C21D7DE8E750}.Debug|Any CPU.ActiveCfg = Debug|Any CPU
		{FCED3546-182E-468D-B298-C21D7DE8E750}.Debug|Any CPU.Build.0 = Debug|Any CPU
		{FCED3546-182E-468D-B298-C21D7DE8E750}.Release|Any CPU.ActiveCfg = Release|Any CPU
		{FCED3546-182E-468D-B298-C21D7DE8E750}.Release|Any CPU.Build.0 = Release|Any CPU
	EndGlobalSection
	GlobalSection(SolutionProperties) = preSolution
		HideSolutionNode = FALSE
	EndGlobalSection
	GlobalSection(ExtensibilityGlobals) = postSolution
		SolutionGuid = {2C0359A3-F38E-4A5B-9BFE-66184BDA49C3}
	EndGlobalSection
EndGlobal
